
Microsoft Visual Studio Solution File, Format Version 12.00
# Visual Studio Version 17
VisualStudioVersion = 17.10.35027.167
MinimumVisualStudioVersion = 10.0.40219.1
Project("{FAE04EC0-301F-11D3-BF4B-00C04F79EFBC}") = "InventoryApp", "InventoryApp\InventoryApp.csproj", "{451859F4-0215-4F3F-85E5-7577B9D921B5}"
EndProject
Global
	GlobalSection(SolutionConfigurationPlatforms) = preSolution
		Debug|Any CPU = Debug|Any CPU
		Release|Any CPU = Release|Any CPU
	EndGlobalSection
	GlobalSection(ProjectConfigurationPlatforms) = postSolution
		{451859F4-0215-4F3F-85E5-7577B9D921B5}.Debug|Any CPU.ActiveCfg = Debug|Any CPU
		{451859F4-0215-4F3F-85E5-7577B9D921B5}.Debug|Any CPU.Build.0 = Debug|Any CPU
		{451859F4-0215-4F3F-85E5-7577B9D921B5}.Release|Any CPU.ActiveCfg = Release|Any CPU
		{451859F4-0215-4F3F-85E5-7577B9D921B5}.Release|Any CPU.Build.0 = Release|Any CPU
	EndGlobalSection
	GlobalSection(SolutionProperties) = preSolution
		HideSolutionNode = FALSE
	EndGlobalSection
	GlobalSection(ExtensibilityGlobals) = postSolution
		SolutionGuid = {BC97FE11-CB4D-43C6-A8C6-E5AE9DC87066}
	EndGlobalSection
EndGlobal
